# Code generated by scarb DO NOT EDIT.
version = 1

[[package]]
name = "erc7496"
version = "0.1.0"
dependencies = [
 "openzeppelin",
 "snforge_std",
]

[[package]]
name = "openzeppelin"
version = "0.10.0"
source = "git+https://github.com/OpenZeppelin/cairo-contracts.git?tag=v0.10.0#d77082732daab2690ba50742ea41080eb23299d3"

[[package]]
name = "snforge_std"
version = "0.1.0"
source = "git+https://github.com/foundry-rs/starknet-foundry.git?tag=v0.12.0#0c3d2fe4ab31aa4484fa216417408ae65a149efe"
